
Microsoft Visual Studio Solution File, Format Version 12.00
# Visual Studio Version 17
VisualStudioVersion = 17.1.32228.430
MinimumVisualStudioVersion = 10.0.40219.1
Project("{FAE04EC0-301F-11D3-BF4B-00C04F79EFBC}") = "WebApiDemoApp", "WebApiDemoApp\WebApiDemoApp.csproj", "{3B2B555A-F63F-4F95-A42C-6ED0563BC3CB}"
EndProject
Global
	GlobalSection(SolutionConfigurationPlatforms) = preSolution
		Debug|Any CPU = Debug|Any CPU
		Release|Any CPU = Release|Any CPU
	EndGlobalSection
	GlobalSection(ProjectConfigurationPlatforms) = postSolution
		{3B2B555A-F63F-4F95-A42C-6ED0563BC3CB}.Debug|Any CPU.ActiveCfg = Debug|Any CPU
		{3B2B555A-F63F-4F95-A42C-6ED0563BC3CB}.Debug|Any CPU.Build.0 = Debug|Any CPU
		{3B2B555A-F63F-4F95-A42C-6ED0563BC3CB}.Release|Any CPU.ActiveCfg = Release|Any CPU
		{3B2B555A-F63F-4F95-A42C-6ED0563BC3CB}.Release|Any CPU.Build.0 = Release|Any CPU
	EndGlobalSection
	GlobalSection(SolutionProperties) = preSolution
		HideSolutionNode = FALSE
	EndGlobalSection
	GlobalSection(ExtensibilityGlobals) = postSolution
		SolutionGuid = {E37A2BA7-561A-47A0-91B3-7E59F962D571}
	EndGlobalSection
EndGlobal
